
Microsoft Visual Studio Solution File, Format Version 12.00
# Visual Studio Version 16
VisualStudioVersion = 16.0.29102.190
MinimumVisualStudioVersion = 10.0.40219.1
Project("{9A19103F-16F7-4668-BE54-9A1E7A4F7556}") = "BlazorTestServerSide", "BlazorTestServerSide.csproj", "{0FEC0FD1-CF1D-4450-BF3D-599D761A9235}"
EndProject
Global
	GlobalSection(SolutionConfigurationPlatforms) = preSolution
		Debug|Any CPU = Debug|Any CPU
		Release|Any CPU = Release|Any CPU
	EndGlobalSection
	GlobalSection(ProjectConfigurationPlatforms) = postSolution
		{0FEC0FD1-CF1D-4450-BF3D-599D761A9235}.Debug|Any CPU.ActiveCfg = Debug|Any CPU
		{0FEC0FD1-CF1D-4450-BF3D-599D761A9235}.Debug|Any CPU.Build.0 = Debug|Any CPU
		{0FEC0FD1-CF1D-4450-BF3D-599D761A9235}.Release|Any CPU.ActiveCfg = Release|Any CPU
		{0FEC0FD1-CF1D-4450-BF3D-599D761A9235}.Release|Any CPU.Build.0 = Release|Any CPU
	EndGlobalSection
	GlobalSection(SolutionProperties) = preSolution
		HideSolutionNode = FALSE
	EndGlobalSection
	GlobalSection(ExtensibilityGlobals) = postSolution
		SolutionGuid = {56D24446-1D70-4665-A93E-1E9EC9A01628}
	EndGlobalSection
EndGlobal
